
Microsoft Visual Studio Solution File, Format Version 12.00
# Visual Studio 14
VisualStudioVersion = 14.0.25420.1
MinimumVisualStudioVersion = 10.0.40219.1
Project("{E24C65DC-7377-472B-9ABA-BC803B73C61A}") = "PartA(1)", "PartA\", "{B9F7C493-5A5D-42D9-B34A-0D54AD6EB9B4}"
	ProjectSection(WebsiteProperties) = preProject
		TargetFrameworkMoniker = ".NETFramework,Version%3Dv4.0"
		Debug.AspNetCompiler.VirtualPath = "/localhost_64218"
		Debug.AspNetCompiler.PhysicalPath = "PartA\"
		Debug.AspNetCompiler.TargetPath = "PrecompiledWeb\localhost_64218\"
		Debug.AspNetCompiler.Updateable = "true"
		Debug.AspNetCompiler.ForceOverwrite = "true"
		Debug.AspNetCompiler.FixedNames = "false"
		Debug.AspNetCompiler.Debug = "True"
		Release.AspNetCompiler.VirtualPath = "/localhost_64218"
		Release.AspNetCompiler.PhysicalPath = "PartA\"
		Release.AspNetCompiler.TargetPath = "PrecompiledWeb\localhost_64218\"
		Release.AspNetCompiler.Updateable = "true"
		Release.AspNetCompiler.ForceOverwrite = "true"
		Release.AspNetCompiler.FixedNames = "false"
		Release.AspNetCompiler.Debug = "False"
		VWDPort = "64218"
	EndProjectSection
EndProject
Project("{E24C65DC-7377-472B-9ABA-BC803B73C61A}") = "PartB(1)", "PartB\", "{876A4D93-1C88-4527-87E3-5A4D3F9BE896}"
	ProjectSection(WebsiteProperties) = preProject
		TargetFrameworkMoniker = ".NETFramework,Version%3Dv4.0"
		Debug.AspNetCompiler.VirtualPath = "/localhost_64225"
		Debug.AspNetCompiler.PhysicalPath = "PartB\"
		Debug.AspNetCompiler.TargetPath = "PrecompiledWeb\localhost_64225\"
		Debug.AspNetCompiler.Updateable = "true"
		Debug.AspNetCompiler.ForceOverwrite = "true"
		Debug.AspNetCompiler.FixedNames = "false"
		Debug.AspNetCompiler.Debug = "True"
		Release.AspNetCompiler.VirtualPath = "/localhost_64225"
		Release.AspNetCompiler.PhysicalPath = "PartB\"
		Release.AspNetCompiler.TargetPath = "PrecompiledWeb\localhost_64225\"
		Release.AspNetCompiler.Updateable = "true"
		Release.AspNetCompiler.ForceOverwrite = "true"
		Release.AspNetCompiler.FixedNames = "false"
		Release.AspNetCompiler.Debug = "False"
		VWDPort = "64225"
	EndProjectSection
EndProject
Project("{E24C65DC-7377-472B-9ABA-BC803B73C61A}") = "PartC(1)", "PartC\", "{21D27991-65E3-4D2D-AE1C-73B604D71804}"
	ProjectSection(WebsiteProperties) = preProject
		TargetFrameworkMoniker = ".NETFramework,Version%3Dv4.0"
		Debug.AspNetCompiler.VirtualPath = "/localhost_64226"
		Debug.AspNetCompiler.PhysicalPath = "PartC\"
		Debug.AspNetCompiler.TargetPath = "PrecompiledWeb\localhost_64226\"
		Debug.AspNetCompiler.Updateable = "true"
		Debug.AspNetCompiler.ForceOverwrite = "true"
		Debug.AspNetCompiler.FixedNames = "false"
		Debug.AspNetCompiler.Debug = "True"
		Release.AspNetCompiler.VirtualPath = "/localhost_64226"
		Release.AspNetCompiler.PhysicalPath = "PartC\"
		Release.AspNetCompiler.TargetPath = "PrecompiledWeb\localhost_64226\"
		Release.AspNetCompiler.Updateable = "true"
		Release.AspNetCompiler.ForceOverwrite = "true"
		Release.AspNetCompiler.FixedNames = "false"
		Release.AspNetCompiler.Debug = "False"
		VWDPort = "64226"
	EndProjectSection
EndProject
Global
	GlobalSection(SolutionConfigurationPlatforms) = preSolution
		Debug|Any CPU = Debug|Any CPU
	EndGlobalSection
	GlobalSection(ProjectConfigurationPlatforms) = postSolution
		{B9F7C493-5A5D-42D9-B34A-0D54AD6EB9B4}.Debug|Any CPU.ActiveCfg = Debug|Any CPU
		{B9F7C493-5A5D-42D9-B34A-0D54AD6EB9B4}.Debug|Any CPU.Build.0 = Debug|Any CPU
		{876A4D93-1C88-4527-87E3-5A4D3F9BE896}.Debug|Any CPU.ActiveCfg = Debug|Any CPU
		{876A4D93-1C88-4527-87E3-5A4D3F9BE896}.Debug|Any CPU.Build.0 = Debug|Any CPU
		{21D27991-65E3-4D2D-AE1C-73B604D71804}.Debug|Any CPU.ActiveCfg = Debug|Any CPU
		{21D27991-65E3-4D2D-AE1C-73B604D71804}.Debug|Any CPU.Build.0 = Debug|Any CPU
	EndGlobalSection
	GlobalSection(SolutionProperties) = preSolution
		HideSolutionNode = FALSE
	EndGlobalSection
EndGlobal
